
Microsoft Visual Studio Solution File, Format Version 12.00
# Visual Studio 15
VisualStudioVersion = 15.0.27130.2010
MinimumVisualStudioVersion = 10.0.40219.1
Project("{888888A0-9F3D-457C-B088-3A5042F75D52}") = "CLRS_dugu_code-master", "CLRS_dugu_code-master.pyproj", "{E73AA28D-9D6D-47FA-9047-A65CA1C4F8C7}"
EndProject
Global
	GlobalSection(SolutionConfigurationPlatforms) = preSolution
		Debug|Any CPU = Debug|Any CPU
		Release|Any CPU = Release|Any CPU
	EndGlobalSection
	GlobalSection(ProjectConfigurationPlatforms) = postSolution
		{E73AA28D-9D6D-47FA-9047-A65CA1C4F8C7}.Debug|Any CPU.ActiveCfg = Debug|Any CPU
		{E73AA28D-9D6D-47FA-9047-A65CA1C4F8C7}.Release|Any CPU.ActiveCfg = Release|Any CPU
	EndGlobalSection
	GlobalSection(SolutionProperties) = preSolution
		HideSolutionNode = FALSE
	EndGlobalSection
	GlobalSection(ExtensibilityGlobals) = postSolution
		SolutionGuid = {A4881490-4E81-4BB6-838B-E32D9D8A03A6}
	EndGlobalSection
EndGlobal
